
Microsoft Visual Studio Solution File, Format Version 12.00
# Visual Studio Version 17
VisualStudioVersion = 17.7.34031.279
MinimumVisualStudioVersion = 10.0.40219.1
Project("{9A19103F-16F7-4668-BE54-9A1E7A4F7556}") = "Dogshouseservice.API", "Dogshouseservice.API\Dogshouseservice.API.csproj", "{1BD11CC5-8952-433C-AF86-E74CCCD544AB}"
EndProject
Project("{FAE04EC0-301F-11D3-BF4B-00C04F79EFBC}") = "Dogshouseservice.Test", "Dogshouseservice.Test\Dogshouseservice.Test.csproj", "{5D5C5CA5-DCBC-4F43-9862-E767D5EA9258}"
EndProject
Global
	GlobalSection(SolutionConfigurationPlatforms) = preSolution
		Debug|Any CPU = Debug|Any CPU
		Release|Any CPU = Release|Any CPU
	EndGlobalSection
	GlobalSection(ProjectConfigurationPlatforms) = postSolution
		{1BD11CC5-8952-433C-AF86-E74CCCD544AB}.Debug|Any CPU.ActiveCfg = Debug|Any CPU
		{1BD11CC5-8952-433C-AF86-E74CCCD544AB}.Debug|Any CPU.Build.0 = Debug|Any CPU
		{1BD11CC5-8952-433C-AF86-E74CCCD544AB}.Release|Any CPU.ActiveCfg = Release|Any CPU
		{1BD11CC5-8952-433C-AF86-E74CCCD544AB}.Release|Any CPU.Build.0 = Release|Any CPU
		{5D5C5CA5-DCBC-4F43-9862-E767D5EA9258}.Debug|Any CPU.ActiveCfg = Debug|Any CPU
		{5D5C5CA5-DCBC-4F43-9862-E767D5EA9258}.Debug|Any CPU.Build.0 = Debug|Any CPU
		{5D5C5CA5-DCBC-4F43-9862-E767D5EA9258}.Release|Any CPU.ActiveCfg = Release|Any CPU
		{5D5C5CA5-DCBC-4F43-9862-E767D5EA9258}.Release|Any CPU.Build.0 = Release|Any CPU
	EndGlobalSection
	GlobalSection(SolutionProperties) = preSolution
		HideSolutionNode = FALSE
	EndGlobalSection
	GlobalSection(ExtensibilityGlobals) = postSolution
		SolutionGuid = {E0A92762-319C-4DE2-8D15-56C714E0660B}
	EndGlobalSection
EndGlobal
